// !$*UTF8*$!
{
	archiveVersion = 1;
	classes = {
	};
	objectVersion = 46;
	objects = {

		0DAD02C83FA9FB49195C1617 = {isa = PBXBuildFile; fileRef = 51246F2F4F0611964BCB6468; };
		E8EC8C00784150CC06C45284 = {isa = PBXBuildFile; fileRef = 99C8E7E98A350CACEBF625BE; };
		CF07061395795125C6D37DB5 = {isa = PBXBuildFile; fileRef = ECACCD5F2E686F3ADD6AA868; };
		FF7171B59185B0F2D1861963 = {isa = PBXBuildFile; fileRef = F82B70CF49C37E670CFF02DD; };
		2EC3E2A56422B1E8E5048718 = {isa = PBXBuildFile; fileRef = 33CBEC8F51D55BBA73B6DC29; };
		1683334317A4C5C0F78D0AE8 = {isa = PBXBuildFile; fileRef = 7F8864C65ECD0DD0666948DA; };
		4C74B4BA3E7F05F9F0FF5153 = {isa = PBXBuildFile; fileRef = 7F0E16EC0A489F2B12E9E3FA; };
		B57A295A2F9F842942EA2867 = {isa = PBXBuildFile; fileRef = C778F0378B6511F90512B768; };
		69CD6F0F30E3A1448E7643CF = {isa = PBXBuildFile; fileRef = C1BD5476C2B633678C6C99BA; };
		113F16722D9BE07B99C7B758 = {isa = PBXBuildFile; fileRef = B2C937BD4A62F9D04EFC6036; };
		6675F7D9C464284978644ACB = {isa = PBXBuildFile; fileRef = 5001880FF2B22A54D8D6CC03; };
		3112F13BE9BC0A0D78CF2FE5 = {isa = PBXBuildFile; fileRef = D10BE77EC688D018A1257919; };
		5CEE1129E7091F7639CFF745 = {isa = PBXBuildFile; fileRef = 4B0A3F413D39C61ED3A24457; };
		F8882989FCC73EE39108E1D0 = {isa = PBXBuildFile; fileRef = 2F29F1895544B2E8AF140DA0; };
		AD34B404D2DB46589A38CBB0 = {isa = PBXBuildFile; fileRef = 3CD8ACF0D2E40625A7841AC7; };
		4B17B058386FE30CACD98590 = {isa = PBXBuildFile; fileRef = E84B240D84EE9EA44EF5D674; };
		D6D1A395FD97962BC753A9DD = {isa = PBXBuildFile; fileRef = 66DEE2C2EE3C219794510454; };
		B2F6ED7FCC307710BC12E1D2 = {isa = PBXBuildFile; fileRef = 19A73C2726524013BE4100E5; };
		FF0BF3F81C8F6C4685D54804 = {isa = PBXBuildFile; fileRef = 7D5EE9D31C7CC6C610B40996; };
		38404A88F9CBFBC05861E3BC = {isa = PBXBuildFile; fileRef = 22E481EE574C649787DD953D; };
		4916EC31BD3D467264143895 = {isa = PBXBuildFile; fileRef = DF2504BF8F111F9BC7BDCE63; };
		EEB598B19CF0361F3F39DAEC = {isa = PBXBuildFile; fileRef = 5CCF4DE65FE9F181BFD2458B; };
		09C10D17505FF46AFAF89F3E = {isa = PBXBuildFile; fileRef = 3C76C2B31E8EED97A832D317; };
		756184554238001ED23A85B7 = {isa = PBXBuildFile; fileRef = D0A5531422D005FD4DC54649; };
		3C37702D53F41ABAC0DF1395 = {isa = PBXBuildFile; fileRef = 39962E5ED3C0C3BE7177A932; };
		65E3F96DFDA1AB7BFD088FCA = {isa = PBXBuildFile; fileRef = 03670A0CA0EC5C5318C250B2; };
		3233A2E38C9A16DD06CE02C6 = {isa = PBXBuildFile; fileRef = FB07008024CDA9FFC8E64249; };
		16F0A783E10D1D99A78613A9 = {isa = PBXBuildFile; fileRef = 30027181299343DDFF4A2A65; };
		DD2D5B1D4B48FD17E51CAA15 = {isa = PBXBuildFile; fileRef = 8B5050FF83F83EF847D22F6F; };
		841059BDDA8E208B5AFCAF03 = {isa = PBXBuildFile; fileRef = 1C8DEB226CEAAE8A7276949C; };
		7BA6EA8066EEE718C820A9DC = {isa = PBXBuildFile; fileRef = 443C5B46AD2777B0FA3A279A; };
		72826BB0CE88AD87D12D7290 = {isa = PBXBuildFile; fileRef = 0146E1E4551C41A931F16E95; };
		F96194E1B948A52E57A9DEC2 = {isa = PBXBuildFile; fileRef = 85453CCAE9C4B531CEA2F2BC; };
		B2DFC02961D5E51645CA2296 = {isa = PBXBuildFile; fileRef = 9D154E45847F964C27CC0238; };
		1320632079917A35C7C267D8 = {isa = PBXBuildFile; fileRef = AED3EB12B2F7B2C214D38949; };
		089FCD94FB95331C04ADF4BA = {isa = PBXBuildFile; fileRef = 6BFA88EC6C4175D45BBD1C9F; };
		0146E1E4551C41A931F16E95 = {isa = PBXFileReference; lastKnownFileType = sourcecode.cpp.objcpp; name = "include_juce_events.mm"; path = "../../JuceLibraryCode/include_juce_events.mm"; sourceTree = "SOURCE_ROOT"; };
		03670A0CA0EC5C5318C250B2 = {isa = PBXFileReference; lastKnownFileType = sourcecode.cpp.objcpp; name = "include_juce_audio_formats.mm"; path = "../../JuceLibraryCode/include_juce_audio_formats.mm"; sourceTree = "SOURCE_ROOT"; };
		0671A7484229C1FBADCA609B = {isa = PBXFileReference; lastKnownFileType = sourcecode.c.h; name = Analysis.h; path = ../../Source/Analysis.h; sourceTree = "SOURCE_ROOT"; };
		14325C583BB98699A0B586BF = {isa = PBXFileReference; lastKnownFileType = sourcecode.c.h; name = PolyBLEP.h; path = ../../Source/PolyBLEP.h; sourceTree = "SOURCE_ROOT"; };
		19A73C2726524013BE4100E5 = {isa = PBXFileReference; lastKnownFileType = sourcecode.cpp.cpp; name = ProcessorComponent.cpp; path = ../../Source/ProcessorComponent.cpp; sourceTree = "SOURCE_ROOT"; };
		1C8DEB226CEAAE8A7276949C = {isa = PBXFileReference; lastKnownFileType = sourcecode.cpp.objcpp; name = "include_juce_data_structures.mm"; path = "../../JuceLibraryCode/include_juce_data_structures.mm"; sourceTree = "SOURCE_ROOT"; };
		22E481EE574C649787DD953D = {isa = PBXFileReference; lastKnownFileType = sourcecode.cpp.cpp; name = SourceComponent.cpp; path = ../../Source/SourceComponent.cpp; sourceTree = "SOURCE_ROOT"; };
		2B00706FDFA1E3C3A1EBA96B = {isa = PBXFileReference; lastKnownFileType = file; name = "juce_audio_basics"; path = "~/JUCE/modules/juce_audio_basics"; sourceTree = "<absolute>"; };
		2D36F57F7D1154E20A1E3FF0 = {isa = PBXFileReference; lastKnownFileType = sourcecode.c.h; name = MeteringProcessors.h; path = ../../Source/MeteringProcessors.h; sourceTree = "SOURCE_ROOT"; };
		2F29F1895544B2E8AF140DA0 = {isa = PBXFileReference; lastKnownFileType = sourcecode.cpp.cpp; name = Main.cpp; path = ../../Source/Main.cpp; sourceTree = "SOURCE_ROOT"; };
		30027181299343DDFF4A2A65 = {isa = PBXFileReference; lastKnownFileType = sourcecode.cpp.objcpp; name = "include_juce_audio_utils.mm"; path = "../../JuceLibraryCode/include_juce_audio_utils.mm"; sourceTree = "SOURCE_ROOT"; };
		33CBEC8F51D55BBA73B6DC29 = {isa = PBXFileReference; lastKnownFileType = wrapper.framework; name = Cocoa.framework; path = System/Library/Frameworks/Cocoa.framework; sourceTree = SDKROOT; };
		388810801051155CA14E472E = {isa = PBXFileReference; lastKnownFileType = file; name = "juce_data_structures"; path = "~/JUCE/modules/juce_data_structures"; sourceTree = "<absolute>"; };
		39962E5ED3C0C3BE7177A932 = {isa = PBXFileReference; lastKnownFileType = sourcecode.cpp.objcpp; name = "include_juce_audio_devices.mm"; path = "../../JuceLibraryCode/include_juce_audio_devices.mm"; sourceTree = "SOURCE_ROOT"; };
		3C76C2B31E8EED97A832D317 = {isa = PBXFileReference; lastKnownFileType = sourcecode.cpp.cpp; name = TestProcessor.cpp; path = ../../Source/TestProcessor.cpp; sourceTree = "SOURCE_ROOT"; };
		3CD8ACF0D2E40625A7841AC7 = {isa = PBXFileReference; lastKnownFileType = sourcecode.cpp.cpp; name = AnalyserComponent.cpp; path = ../../Source/AnalyserComponent.cpp; sourceTree = "SOURCE_ROOT"; };
		443C5B46AD2777B0FA3A279A = {isa = PBXFileReference; lastKnownFileType = sourcecode.cpp.objcpp; name = "include_juce_dsp.mm"; path = "../../JuceLibraryCode/include_juce_dsp.mm"; sourceTree = "SOURCE_ROOT"; };
		46B70D230687BDF4F2D12AA1 = {isa = PBXFileReference; lastKnownFileType = sourcecode.c.h; name = MonitoringComponent.h; path = ../../Source/MonitoringComponent.h; sourceTree = "SOURCE_ROOT"; };
		4B0A3F413D39C61ED3A24457 = {isa = PBXFileReference; lastKnownFileType = file.nib; name = RecentFilesMenuTemplate.nib; path = RecentFilesMenuTemplate.nib; sourceTree = "SOURCE_ROOT"; };
		5001880FF2B22A54D8D6CC03 = {isa = PBXFileReference; lastKnownFileType = wrapper.framework; name = QuartzCore.framework; path = System/Library/Frameworks/QuartzCore.framework; sourceTree = SDKROOT; };
		51246F2F4F0611964BCB6468 = {isa = PBXFileReference; explicitFileType = wrapper.application; includeInIndex = 0; path = "DSP Testbench.app"; sourceTree = "BUILT_PRODUCTS_DIR"; };
		54C323438178764E14026D8B = {isa = PBXFileReference; lastKnownFileType = sourcecode.c.h; name = AudioDataTransfer.h; path = ../../Source/AudioDataTransfer.h; sourceTree = "SOURCE_ROOT"; };
		5BFDA1F22174F664EDFD1F05 = {isa = PBXFileReference; lastKnownFileType = sourcecode.c.h; name = TestProcessor.h; path = ../../Source/TestProcessor.h; sourceTree = "SOURCE_ROOT"; };
		5CCF4DE65FE9F181BFD2458B = {isa = PBXFileReference; lastKnownFileType = sourcecode.cpp.cpp; name = MeteringProcessors.cpp; path = ../../Source/MeteringProcessors.cpp; sourceTree = "SOURCE_ROOT"; };
		62A65E65E38A0DD07A5ABDE6 = {isa = PBXFileReference; lastKnownFileType = sourcecode.c.h; name = SimpleLevelMeterComponent.h; path = ../../Source/SimpleLevelMeterComponent.h; sourceTree = "SOURCE_ROOT"; };
		62B163AE018B162E9F3835D6 = {isa = PBXFileReference; lastKnownFileType = file; name = "juce_opengl"; path = "~/JUCE/modules/juce_opengl"; sourceTree = "<absolute>"; };
		66DEE2C2EE3C219794510454 = {isa = PBXFileReference; lastKnownFileType = sourcecode.cpp.cpp; name = MonitoringComponent.cpp; path = ../../Source/MonitoringComponent.cpp; sourceTree = "SOURCE_ROOT"; };
		686607BC6B29AB045681425F = {isa = PBXFileReference; lastKnownFileType = file; name = "juce_audio_utils"; path = "~/JUCE/modules/juce_audio_utils"; sourceTree = "<absolute>"; };
		6A1D6B176EC26F7CB21D8D12 = {isa = PBXFileReference; lastKnownFileType = text.plist.xml; name = "Info-App.plist"; path = "Info-App.plist"; sourceTree = "SOURCE_ROOT"; };
		6BFA88EC6C4175D45BBD1C9F = {isa = PBXFileReference; lastKnownFileType = sourcecode.cpp.objcpp; name = "include_juce_opengl.mm"; path = "../../JuceLibraryCode/include_juce_opengl.mm"; sourceTree = "SOURCE_ROOT"; };
		73FF8E78EFC9A388F3BBF799 = {isa = PBXFileReference; lastKnownFileType = file; name = "juce_events"; path = "~/JUCE/modules/juce_events"; sourceTree = "<absolute>"; };
		762C6405167EC38200139D2A = {isa = PBXFileReference; lastKnownFileType = file; name = "juce_audio_formats"; path = "~/JUCE/modules/juce_audio_formats"; sourceTree = "<absolute>"; };
		781ED97511E92CAE499DA6DA = {isa = PBXFileReference; lastKnownFileType = file; name = "juce_dsp"; path = "~/JUCE/modules/juce_dsp"; sourceTree = "<absolute>"; };
		7D5EE9D31C7CC6C610B40996 = {isa = PBXFileReference; lastKnownFileType = sourcecode.cpp.cpp; name = SimpleLevelMeterComponent.cpp; path = ../../Source/SimpleLevelMeterComponent.cpp; sourceTree = "SOURCE_ROOT"; };
		7F0E16EC0A489F2B12E9E3FA = {isa = PBXFileReference; lastKnownFileType = wrapper.framework; name = CoreMIDI.framework; path = System/Library/Frameworks/CoreMIDI.framework; sourceTree = SDKROOT; };
		7F8864C65ECD0DD0666948DA = {isa = PBXFileReference; lastKnownFileType = wrapper.framework; name = CoreAudio.framework; path = System/Library/Frameworks/CoreAudio.framework; sourceTree = SDKROOT; };
		85453CCAE9C4B531CEA2F2BC = {isa = PBXFileReference; lastKnownFileType = sourcecode.cpp.objcpp; name = "include_juce_graphics.mm"; path = "../../JuceLibraryCode/include_juce_graphics.mm"; sourceTree = "SOURCE_ROOT"; };
		8B5050FF83F83EF847D22F6F = {isa = PBXFileReference; lastKnownFileType = sourcecode.cpp.objcpp; name = "include_juce_core.mm"; path = "../../JuceLibraryCode/include_juce_core.mm"; sourceTree = "SOURCE_ROOT"; };
		8BC37647028008A14E4DB9C3 = {isa = PBXFileReference; lastKnownFileType = file; name = "juce_audio_processors"; path = "~/JUCE/modules/juce_audio_processors"; sourceTree = "<absolute>"; };
		8C3BFC83A4C7964C95770387 = {isa = PBXFileReference; lastKnownFileType = sourcecode.c.h; name = Main.h; path = ../../Source/Main.h; sourceTree = "SOURCE_ROOT"; };
		99C8E7E98A350CACEBF625BE = {isa = PBXFileReference; lastKnownFileType = wrapper.framework; name = Accelerate.framework; path = System/Library/Frameworks/Accelerate.framework; sourceTree = SDKROOT; };
		9D154E45847F964C27CC0238 = {isa = PBXFileReference; lastKnownFileType = sourcecode.cpp.objcpp; name = "include_juce_gui_basics.mm"; path = "../../JuceLibraryCode/include_juce_gui_basics.mm"; sourceTree = "SOURCE_ROOT"; };
		9FB442DD97B0FFD389AB78B7 = {isa = PBXFileReference; lastKnownFileType = sourcecode.c.h; name = ProcessorComponent.h; path = ../../Source/ProcessorComponent.h; sourceTree = "SOURCE_ROOT"; };
		A12AB171BCCC6905BD519B9E = {isa = PBXFileReference; lastKnownFileType = sourcecode.c.h; name = AppConfig.h; path = ../../JuceLibraryCode/AppConfig.h; sourceTree = "SOURCE_ROOT"; };
		AED3EB12B2F7B2C214D38949 = {isa = PBXFileReference; lastKnownFileType = sourcecode.cpp.objcpp; name = "include_juce_gui_extra.mm"; path = "../../JuceLibraryCode/include_juce_gui_extra.mm"; sourceTree = "SOURCE_ROOT"; };
		B2C937BD4A62F9D04EFC6036 = {isa = PBXFileReference; lastKnownFileType = wrapper.framework; name = OpenGL.framework; path = System/Library/Frameworks/OpenGL.framework; sourceTree = SDKROOT; };
		C1BD5476C2B633678C6C99BA = {isa = PBXFileReference; lastKnownFileType = wrapper.framework; name = IOKit.framework; path = System/Library/Frameworks/IOKit.framework; sourceTree = SDKROOT; };
		C778F0378B6511F90512B768 = {isa = PBXFileReference; lastKnownFileType = wrapper.framework; name = DiscRecording.framework; path = System/Library/Frameworks/DiscRecording.framework; sourceTree = SDKROOT; };
		CC25649C7BBF7282CEC65612 = {isa = PBXFileReference; lastKnownFileType = sourcecode.c.h; name = NoiseGenerators.h; path = ../../Source/NoiseGenerators.h; sourceTree = "SOURCE_ROOT"; };
		D0A5531422D005FD4DC54649 = {isa = PBXFileReference; lastKnownFileType = sourcecode.cpp.objcpp; name = "include_juce_audio_basics.mm"; path = "../../JuceLibraryCode/include_juce_audio_basics.mm"; sourceTree = "SOURCE_ROOT"; };
		D10BE77EC688D018A1257919 = {isa = PBXFileReference; lastKnownFileType = wrapper.framework; name = WebKit.framework; path = System/Library/Frameworks/WebKit.framework; sourceTree = SDKROOT; };
		D4E32578D9417A695710C1A1 = {isa = PBXFileReference; lastKnownFileType = file; name = "juce_gui_extra"; path = "~/JUCE/modules/juce_gui_extra"; sourceTree = "<absolute>"; };
		D8CA7FC162C4EB823BB773AE = {isa = PBXFileReference; lastKnownFileType = sourcecode.c.h; name = MainComponent.h; path = ../../Source/MainComponent.h; sourceTree = "SOURCE_ROOT"; };
		DED0E5A8F9CA50CF4A188E43 = {isa = PBXFileReference; lastKnownFileType = sourcecode.c.h; name = JuceHeader.h; path = ../../JuceLibraryCode/JuceHeader.h; sourceTree = "SOURCE_ROOT"; };
		DF2504BF8F111F9BC7BDCE63 = {isa = PBXFileReference; lastKnownFileType = sourcecode.cpp.cpp; name = Analysis.cpp; path = ../../Source/Analysis.cpp; sourceTree = "SOURCE_ROOT"; };
		E1E35942FBAB59A2532A28BE = {isa = PBXFileReference; lastKnownFileType = file; name = "juce_graphics"; path = "~/JUCE/modules/juce_graphics"; sourceTree = "<absolute>"; };
		E584F3725023C224BF54D6E8 = {isa = PBXFileReference; lastKnownFileType = file; name = "juce_audio_devices"; path = "~/JUCE/modules/juce_audio_devices"; sourceTree = "<absolute>"; };
		E84B240D84EE9EA44EF5D674 = {isa = PBXFileReference; lastKnownFileType = sourcecode.cpp.cpp; name = MainComponent.cpp; path = ../../Source/MainComponent.cpp; sourceTree = "SOURCE_ROOT"; };
		ECACCD5F2E686F3ADD6AA868 = {isa = PBXFileReference; lastKnownFileType = wrapper.framework; name = AudioToolbox.framework; path = System/Library/Frameworks/AudioToolbox.framework; sourceTree = SDKROOT; };
		EED1F2F6B189D03BC8004898 = {isa = PBXFileReference; lastKnownFileType = sourcecode.c.h; name = SourceComponent.h; path = ../../Source/SourceComponent.h; sourceTree = "SOURCE_ROOT"; };
		F82B70CF49C37E670CFF02DD = {isa = PBXFileReference; lastKnownFileType = wrapper.framework; name = Carbon.framework; path = System/Library/Frameworks/Carbon.framework; sourceTree = SDKROOT; };
		F97E20FD1BEFD957F863EBB7 = {isa = PBXFileReference; lastKnownFileType = sourcecode.c.h; name = AnalyserComponent.h; path = ../../Source/AnalyserComponent.h; sourceTree = "SOURCE_ROOT"; };
		FB07008024CDA9FFC8E64249 = {isa = PBXFileReference; lastKnownFileType = sourcecode.cpp.objcpp; name = "include_juce_audio_processors.mm"; path = "../../JuceLibraryCode/include_juce_audio_processors.mm"; sourceTree = "SOURCE_ROOT"; };
		FC8FC1ACBE62802A2B537423 = {isa = PBXFileReference; lastKnownFileType = file; name = "juce_gui_basics"; path = "~/JUCE/modules/juce_gui_basics"; sourceTree = "<absolute>"; };
		FD25F4610678630B599A2800 = {isa = PBXFileReference; lastKnownFileType = file; name = "juce_core"; path = "~/JUCE/modules/juce_core"; sourceTree = "<absolute>"; };
		B1B5693BD5B0E2C32546F165 = {isa = PBXGroup; children = (
					3CD8ACF0D2E40625A7841AC7,
					F97E20FD1BEFD957F863EBB7,
					E84B240D84EE9EA44EF5D674,
					D8CA7FC162C4EB823BB773AE,
					66DEE2C2EE3C219794510454,
					46B70D230687BDF4F2D12AA1,
					19A73C2726524013BE4100E5,
					9FB442DD97B0FFD389AB78B7,
					7D5EE9D31C7CC6C610B40996,
					62A65E65E38A0DD07A5ABDE6,
					22E481EE574C649787DD953D,
					EED1F2F6B189D03BC8004898, ); name = GUI; sourceTree = "<group>"; };
		412D18C2FBBAE24FA098A055 = {isa = PBXGroup; children = (
					DF2504BF8F111F9BC7BDCE63,
					0671A7484229C1FBADCA609B,
					54C323438178764E14026D8B,
					5CCF4DE65FE9F181BFD2458B,
					2D36F57F7D1154E20A1E3FF0,
					CC25649C7BBF7282CEC65612,
					14325C583BB98699A0B586BF,
					3C76C2B31E8EED97A832D317,
					5BFDA1F22174F664EDFD1F05, ); name = Processing; sourceTree = "<group>"; };
		3FAF4C9164FA10EE3A43F8A4 = {isa = PBXGroup; children = (
					8C3BFC83A4C7964C95770387,
					2F29F1895544B2E8AF140DA0,
					B1B5693BD5B0E2C32546F165,
					412D18C2FBBAE24FA098A055, ); name = Source; sourceTree = "<group>"; };
		F5B1436354AE9659F28B3236 = {isa = PBXGroup; children = (
					3FAF4C9164FA10EE3A43F8A4, ); name = "DSP Testbench"; sourceTree = "<group>"; };
		D57F0F3BDA56DF3F44FD0C11 = {isa = PBXGroup; children = (
					2B00706FDFA1E3C3A1EBA96B,
					E584F3725023C224BF54D6E8,
					762C6405167EC38200139D2A,
					8BC37647028008A14E4DB9C3,
					686607BC6B29AB045681425F,
					FD25F4610678630B599A2800,
					388810801051155CA14E472E,
					781ED97511E92CAE499DA6DA,
					73FF8E78EFC9A388F3BBF799,
					E1E35942FBAB59A2532A28BE,
					FC8FC1ACBE62802A2B537423,
					D4E32578D9417A695710C1A1,
					62B163AE018B162E9F3835D6, ); name = "JUCE Modules"; sourceTree = "<group>"; };
		E88CE81B5C5081449121E31E = {isa = PBXGroup; children = (
					A12AB171BCCC6905BD519B9E,
					D0A5531422D005FD4DC54649,
					39962E5ED3C0C3BE7177A932,
					03670A0CA0EC5C5318C250B2,
					FB07008024CDA9FFC8E64249,
					30027181299343DDFF4A2A65,
					8B5050FF83F83EF847D22F6F,
					1C8DEB226CEAAE8A7276949C,
					443C5B46AD2777B0FA3A279A,
					0146E1E4551C41A931F16E95,
					85453CCAE9C4B531CEA2F2BC,
					9D154E45847F964C27CC0238,
					AED3EB12B2F7B2C214D38949,
					6BFA88EC6C4175D45BBD1C9F,
					DED0E5A8F9CA50CF4A188E43, ); name = "JUCE Library Code"; sourceTree = "<group>"; };
		D83C98E5776D74C7E7D20D84 = {isa = PBXGroup; children = (
					6A1D6B176EC26F7CB21D8D12,
					4B0A3F413D39C61ED3A24457, ); name = Resources; sourceTree = "<group>"; };
		1C93E5BF2A0469148316BE1B = {isa = PBXGroup; children = (
					99C8E7E98A350CACEBF625BE,
					ECACCD5F2E686F3ADD6AA868,
					F82B70CF49C37E670CFF02DD,
					33CBEC8F51D55BBA73B6DC29,
					7F8864C65ECD0DD0666948DA,
					7F0E16EC0A489F2B12E9E3FA,
					C778F0378B6511F90512B768,
					C1BD5476C2B633678C6C99BA,
					B2C937BD4A62F9D04EFC6036,
					5001880FF2B22A54D8D6CC03,
					D10BE77EC688D018A1257919, ); name = Frameworks; sourceTree = "<group>"; };
		696FECA23A162986F0FBD63C = {isa = PBXGroup; children = (
					51246F2F4F0611964BCB6468, ); name = Products; sourceTree = "<group>"; };
		7E672E6ACB31FBF70268CD96 = {isa = PBXGroup; children = (
					F5B1436354AE9659F28B3236,
					D57F0F3BDA56DF3F44FD0C11,
					E88CE81B5C5081449121E31E,
					D83C98E5776D74C7E7D20D84,
					1C93E5BF2A0469148316BE1B,
					696FECA23A162986F0FBD63C, ); name = Source; sourceTree = "<group>"; };
		1A664267A0135035CD595D29 = {isa = XCBuildConfiguration; buildSettings = {
				CLANG_CXX_LANGUAGE_STANDARD = "c++14";
				CLANG_LINK_OBJC_RUNTIME = NO;
				COMBINE_HIDPI_IMAGES = YES;
				CONFIGURATION_BUILD_DIR = "$(PROJECT_DIR)/build/$(CONFIGURATION)";
				COPY_PHASE_STRIP = NO;
				GCC_DYNAMIC_NO_PIC = NO;
				GCC_OPTIMIZATION_LEVEL = 0;
				GCC_PREPROCESSOR_DEFINITIONS = (
					"_DEBUG=1",
					"DEBUG=1",
					"JUCER_XCODE_MAC_F6D2F4CF=1",
					"JUCE_APP_VERSION=1.0.0",
					"JUCE_APP_VERSION_HEX=0x10000",
					"JucePlugin_Build_VST=0",
					"JucePlugin_Build_VST3=0",
					"JucePlugin_Build_AU=0",
					"JucePlugin_Build_AUv3=0",
					"JucePlugin_Build_RTAS=0",
					"JucePlugin_Build_AAX=0",
					"JucePlugin_Build_Standalone=0", );
				GCC_VERSION = com.apple.compilers.llvm.clang.1_0;
				HEADER_SEARCH_PATHS = ("../../JuceLibraryCode", "~/JUCE/modules", "$(inherited)");
				INFOPLIST_FILE = Info-App.plist;
				INFOPLIST_PREPROCESS = NO;
				INSTALL_PATH = "$(HOME)/Applications";
				MACOSX_DEPLOYMENT_TARGET = 10.11;
				MACOSX_DEPLOYMENT_TARGET_ppc = 10.4;
				PRODUCT_BUNDLE_IDENTIFIER = com.yourcompany.DSPTestbench;
				SDKROOT_ppc = macosx10.5;
				USE_HEADERMAP = NO; }; name = Debug; };
		1A578E487D24BE03BCAC1F34 = {isa = XCBuildConfiguration; buildSettings = {
				CLANG_CXX_LANGUAGE_STANDARD = "c++14";
				CLANG_LINK_OBJC_RUNTIME = NO;
				COMBINE_HIDPI_IMAGES = YES;
				CONFIGURATION_BUILD_DIR = "$(PROJECT_DIR)/build/$(CONFIGURATION)";
				DEAD_CODE_STRIPPING = YES;
				GCC_GENERATE_DEBUGGING_SYMBOLS = NO;
				GCC_OPTIMIZATION_LEVEL = 3;
				GCC_PREPROCESSOR_DEFINITIONS = (
					"_NDEBUG=1",
					"NDEBUG=1",
					"JUCER_XCODE_MAC_F6D2F4CF=1",
					"JUCE_APP_VERSION=1.0.0",
					"JUCE_APP_VERSION_HEX=0x10000",
					"JucePlugin_Build_VST=0",
					"JucePlugin_Build_VST3=0",
					"JucePlugin_Build_AU=0",
					"JucePlugin_Build_AUv3=0",
					"JucePlugin_Build_RTAS=0",
					"JucePlugin_Build_AAX=0",
					"JucePlugin_Build_Standalone=0", );
				GCC_SYMBOLS_PRIVATE_EXTERN = YES;
				GCC_VERSION = com.apple.compilers.llvm.clang.1_0;
				HEADER_SEARCH_PATHS = ("../../JuceLibraryCode", "~/JUCE/modules", "$(inherited)");
				INFOPLIST_FILE = Info-App.plist;
				INFOPLIST_PREPROCESS = NO;
				INSTALL_PATH = "$(HOME)/Applications";
				LLVM_LTO = YES;
				MACOSX_DEPLOYMENT_TARGET = 10.11;
				MACOSX_DEPLOYMENT_TARGET_ppc = 10.4;
				PRODUCT_BUNDLE_IDENTIFIER = com.yourcompany.DSPTestbench;
				SDKROOT_ppc = macosx10.5;
				USE_HEADERMAP = NO; }; name = Release; };
		68B00CD6BB39DF60E5B095BA = {isa = XCBuildConfiguration; buildSettings = {
				ALWAYS_SEARCH_USER_PATHS = NO;
				CLANG_WARN_BLOCK_CAPTURE_AUTORELEASING = YES;
				CLANG_WARN_BOOL_CONVERSION = YES;
				CLANG_WARN_COMMA = YES;
				CLANG_WARN_CONSTANT_CONVERSION = YES;
				CLANG_WARN_EMPTY_BODY = YES;
				CLANG_WARN_ENUM_CONVERSION = YES;
				CLANG_WARN_INFINITE_RECURSION = YES;
				CLANG_WARN_INT_CONVERSION = YES;
				CLANG_WARN_NON_LITERAL_NULL_CONVERSION = YES;
				CLANG_WARN_OBJC_LITERAL_CONVERSION = YES;
				CLANG_WARN_RANGE_LOOP_ANALYSIS = YES;
				CLANG_WARN_STRICT_PROTOTYPES = YES;
				CLANG_WARN_SUSPICIOUS_MOVE = YES;
				CLANG_WARN_UNREACHABLE_CODE = YES;
				CLANG_WARN__DUPLICATE_METHOD_MATCH = YES;
				DEBUG_INFORMATION_FORMAT = "dwarf";
				ENABLE_STRICT_OBJC_MSGSEND = YES;
				ENABLE_TESTABILITY = YES;
				GCC_C_LANGUAGE_STANDARD = c11;
				GCC_INLINES_ARE_PRIVATE_EXTERN = YES;
				GCC_MODEL_TUNING = G5;
				GCC_NO_COMMON_BLOCKS = YES;
				GCC_WARN_64_TO_32_BIT_CONVERSION = YES;
				GCC_WARN_ABOUT_RETURN_TYPE = YES;
				GCC_WARN_CHECK_SWITCH_STATEMENTS = YES;
				GCC_WARN_MISSING_PARENTHESES = YES;
				GCC_WARN_NON_VIRTUAL_DESTRUCTOR = YES;
				GCC_WARN_TYPECHECK_CALLS_TO_PRINTF = YES;
				GCC_WARN_UNDECLARED_SELECTOR = YES;
				GCC_WARN_UNINITIALIZED_AUTOS = YES;
				GCC_WARN_UNUSED_FUNCTION = YES;
				GCC_WARN_UNUSED_VARIABLE = YES;
				ONLY_ACTIVE_ARCH = YES;
				PRODUCT_NAME = "DSP Testbench";
				WARNING_CFLAGS = -Wreorder;
				ZERO_LINK = NO; }; name = Debug; };
		96E045FE45F818D6678AD832 = {isa = XCBuildConfiguration; buildSettings = {
				ALWAYS_SEARCH_USER_PATHS = NO;
				CLANG_WARN_BLOCK_CAPTURE_AUTORELEASING = YES;
				CLANG_WARN_BOOL_CONVERSION = YES;
				CLANG_WARN_COMMA = YES;
				CLANG_WARN_CONSTANT_CONVERSION = YES;
				CLANG_WARN_EMPTY_BODY = YES;
				CLANG_WARN_ENUM_CONVERSION = YES;
				CLANG_WARN_INFINITE_RECURSION = YES;
				CLANG_WARN_INT_CONVERSION = YES;
				CLANG_WARN_NON_LITERAL_NULL_CONVERSION = YES;
				CLANG_WARN_OBJC_LITERAL_CONVERSION = YES;
				CLANG_WARN_RANGE_LOOP_ANALYSIS = YES;
				CLANG_WARN_STRICT_PROTOTYPES = YES;
				CLANG_WARN_SUSPICIOUS_MOVE = YES;
				CLANG_WARN_UNREACHABLE_CODE = YES;
				CLANG_WARN__DUPLICATE_METHOD_MATCH = YES;
				DEBUG_INFORMATION_FORMAT = "dwarf";
				ENABLE_STRICT_OBJC_MSGSEND = YES;
				GCC_C_LANGUAGE_STANDARD = c11;
				GCC_INLINES_ARE_PRIVATE_EXTERN = YES;
				GCC_MODEL_TUNING = G5;
				GCC_NO_COMMON_BLOCKS = YES;
				GCC_WARN_64_TO_32_BIT_CONVERSION = YES;
				GCC_WARN_ABOUT_RETURN_TYPE = YES;
				GCC_WARN_CHECK_SWITCH_STATEMENTS = YES;
				GCC_WARN_MISSING_PARENTHESES = YES;
				GCC_WARN_NON_VIRTUAL_DESTRUCTOR = YES;
				GCC_WARN_TYPECHECK_CALLS_TO_PRINTF = YES;
				GCC_WARN_UNDECLARED_SELECTOR = YES;
				GCC_WARN_UNINITIALIZED_AUTOS = YES;
				GCC_WARN_UNUSED_FUNCTION = YES;
				GCC_WARN_UNUSED_VARIABLE = YES;
				PRODUCT_NAME = "DSP Testbench";
				WARNING_CFLAGS = -Wreorder;
				ZERO_LINK = NO; }; name = Release; };
		209022505F0E2669BA589141 = {isa = PBXTargetDependency; target = D817B8177656B81040B8AF4B; };
		E850F174A7CEC5B5A9B094F2 = {isa = XCConfigurationList; buildConfigurations = (
					68B00CD6BB39DF60E5B095BA,
					96E045FE45F818D6678AD832, ); defaultConfigurationIsVisible = 0; defaultConfigurationName = Debug; };
		ECD17F1ED87B33FE63B78256 = {isa = XCConfigurationList; buildConfigurations = (
					1A664267A0135035CD595D29,
					1A578E487D24BE03BCAC1F34, ); defaultConfigurationIsVisible = 0; defaultConfigurationName = Debug; };
		0186539A7688DCFB1E4365D9 = {isa = PBXResourcesBuildPhase; buildActionMask = 2147483647; files = (
					5CEE1129E7091F7639CFF745, ); runOnlyForDeploymentPostprocessing = 0; };
		049CDD9B564F4361F8AA5EEE = {isa = PBXSourcesBuildPhase; buildActionMask = 2147483647; files = (
					F8882989FCC73EE39108E1D0,
					AD34B404D2DB46589A38CBB0,
					4B17B058386FE30CACD98590,
					D6D1A395FD97962BC753A9DD,
					B2F6ED7FCC307710BC12E1D2,
					FF0BF3F81C8F6C4685D54804,
					38404A88F9CBFBC05861E3BC,
					4916EC31BD3D467264143895,
					EEB598B19CF0361F3F39DAEC,
					09C10D17505FF46AFAF89F3E,
					756184554238001ED23A85B7,
					3C37702D53F41ABAC0DF1395,
					65E3F96DFDA1AB7BFD088FCA,
					3233A2E38C9A16DD06CE02C6,
					16F0A783E10D1D99A78613A9,
					DD2D5B1D4B48FD17E51CAA15,
					841059BDDA8E208B5AFCAF03,
					7BA6EA8066EEE718C820A9DC,
					72826BB0CE88AD87D12D7290,
					F96194E1B948A52E57A9DEC2,
					B2DFC02961D5E51645CA2296,
					1320632079917A35C7C267D8,
					089FCD94FB95331C04ADF4BA, ); runOnlyForDeploymentPostprocessing = 0; };
		B249E78696DB0E94B326DF67 = {isa = PBXFrameworksBuildPhase; buildActionMask = 2147483647; files = (
					E8EC8C00784150CC06C45284,
					CF07061395795125C6D37DB5,
					FF7171B59185B0F2D1861963,
					2EC3E2A56422B1E8E5048718,
					1683334317A4C5C0F78D0AE8,
					4C74B4BA3E7F05F9F0FF5153,
					B57A295A2F9F842942EA2867,
					69CD6F0F30E3A1448E7643CF,
					113F16722D9BE07B99C7B758,
					6675F7D9C464284978644ACB,
					3112F13BE9BC0A0D78CF2FE5, ); runOnlyForDeploymentPostprocessing = 0; };
		D817B8177656B81040B8AF4B = {isa = PBXNativeTarget; buildConfigurationList = ECD17F1ED87B33FE63B78256; buildPhases = (
					0186539A7688DCFB1E4365D9,
					049CDD9B564F4361F8AA5EEE,
					B249E78696DB0E94B326DF67, ); buildRules = ( ); dependencies = (  ); name = "DSP Testbench - App"; productName = "DSP Testbench"; productReference = 51246F2F4F0611964BCB6468; productType = "com.apple.product-type.application"; };
		FFCEB6CE7004675D742297C1 = {isa = PBXProject; buildConfigurationList = E850F174A7CEC5B5A9B094F2; attributes = { LastUpgradeCheck = 0830; ORGANIZATIONNAME = ""; TargetAttributes = { D817B8177656B81040B8AF4B = { SystemCapabilities = {com.apple.ApplicationGroups.iOS = { enabled = 0; }; com.apple.InAppPurchase = { enabled = 0; }; com.apple.InterAppAudio = { enabled = 0; }; com.apple.Push = { enabled = 0; }; com.apple.Sandbox = { enabled = 0; }; }; }; }; }; compatibilityVersion = "Xcode 3.2"; hasScannedForEncodings = 0; mainGroup = 7E672E6ACB31FBF70268CD96; projectDirPath = ""; projectRoot = ""; targets = (D817B8177656B81040B8AF4B); };
	};
	rootObject = FFCEB6CE7004675D742297C1;
}
