// !$*UTF8*$!
{
	archiveVersion = 1;
	classes = {
	};
	objectVersion = 46;
	objects = {

		381AD3456E480EA2394AE9D8 = {isa = PBXBuildFile; fileRef = DBE9AFFAACAC76E16D5FA8D7; };
		AD94D8AF5048CCCED9EDF626 = {isa = PBXBuildFile; fileRef = 90833A0B00943E52EB75FD6C; };
		E3E5055F478F91F82466A06C = {isa = PBXBuildFile; fileRef = F12D77997087AFF29D683E59; };
		2A9494C5C89C6C9F21064886 = {isa = PBXBuildFile; fileRef = 526F26E9A07099C84615C627; };
		1763029A1FE96155AACBEBCE = {isa = PBXBuildFile; fileRef = 8824208679E17FE88C2850C8; };
		0F760ABD211ABF27784CAFDF = {isa = PBXBuildFile; fileRef = B7BA8A95928C9A97B07C82F5; };
		6B466DC98D65214CC5FC8A3B = {isa = PBXBuildFile; fileRef = 02E3FC36B031B297C5D31F12; };
		3A0B48A547F177848834EE6B = {isa = PBXBuildFile; fileRef = ADF6171B6BBF8B9B37AF171D; };
		6A960C93D5CBEBA86370AE42 = {isa = PBXBuildFile; fileRef = F7458E8FEB9BB5D4371A65E0; };
		0B77B11989C478B3537120FF = {isa = PBXBuildFile; fileRef = 3E4B850A48B4E9CAD0C817DE; };
		EC0424B5388526F9F7AA68EC = {isa = PBXBuildFile; fileRef = 55CF5844CFF7ACC67C5316A8; };
		560499D8097C4086B5F9F3FE = {isa = PBXBuildFile; fileRef = D6E876505CE2193C9C2F990D; };
		B7D6F3AAA26C8A085EF1712C = {isa = PBXBuildFile; fileRef = E9B03DC31F642F1DB1EC957A; };
		7B345395F7823548E57B3EBF = {isa = PBXBuildFile; fileRef = 75412810ABB2B6E6444F2547; };
		AF96BC3F1709A64F0C866D0A = {isa = PBXBuildFile; fileRef = 7F2C30A0A741525E6C882E87; };
		1C98AB4FFFABA00A1E763818 = {isa = PBXBuildFile; fileRef = F069F6DB16BC6DB3BE232906; };
		9F824E6B06A0E079EC1E6B5C = {isa = PBXBuildFile; fileRef = 582851423955ECBF1E528D7C; };
		5CF548CD792CAB65634DF4F5 = {isa = PBXBuildFile; fileRef = 5A91D8BF0C64803B43719F01; };
		739BAE2B23CA598675E90453 = {isa = PBXBuildFile; fileRef = 4EE7D3AE148DA9781A8402DC; };
		302CFF8C7F41FBDD07C54B57 = {isa = PBXBuildFile; fileRef = 33D8E39D9CEA2019B109AA74; };
		A91B6DB0E771A0C517F4D417 = {isa = PBXBuildFile; fileRef = F10D87453D65EA24D5F2AA8B; };
		4A50F446CD3E05A6734072D0 = {isa = PBXBuildFile; fileRef = A587622FCA40A0218851BD1F; };
		191E4C4DC7559DE411B5FE92 = {isa = PBXBuildFile; fileRef = C923C23E1267EFA76DB99EB3; };
		37DDF4F1FE0136E3232E3DAB = {isa = PBXBuildFile; fileRef = E49FA446FC2BADD58A243E0D; };
		2F15CCC8B1F6E99AB7228AA6 = {isa = PBXBuildFile; fileRef = B8D4DB1EAA10E3974F126DA6; };
		5F9FB26C844A51C7AD9394DF = {isa = PBXBuildFile; fileRef = 5AA04D5DF05D18D4B36A42D5; };
		9C2A13932CA11700B7E25B45 = {isa = PBXBuildFile; fileRef = B43F40532675ABE7F4119432; };
		4CE938EAD1292ABB874C4C13 = {isa = PBXBuildFile; fileRef = 06AADAFE2B5519575EE90D86; };
		70F197BAE2DF4A69A9321FD5 = {isa = PBXBuildFile; fileRef = 909F9E1FD51BE19555EE4B6A; };
		ABE6CED1C8A915E1C5BCD009 = {isa = PBXBuildFile; fileRef = 899BD77AA6DD7D61E30E8646; };
		EDB03452686ACCF104053CDB = {isa = PBXBuildFile; fileRef = EF8CC9D7774FF0ADD53AE1BB; };
		B17AF76EDA0E44C7E5AEC7F3 = {isa = PBXBuildFile; fileRef = A72C44865C017A6870340B6A; };
		44DE8D243685E64015C79013 = {isa = PBXBuildFile; fileRef = 6C257CBB24257B89A55E31C2; };
		61C33476A07BE03B3FAE52F6 = {isa = PBXBuildFile; fileRef = 145F2FF87A51DEE7953C791A; };
		19141F1CEF772363CEEFE4F2 = {isa = PBXBuildFile; fileRef = 34560F315E9537DE95D5C4D0; };
		022FC8DD187F01412662C560 = {isa = PBXFileReference; lastKnownFileType = sourcecode.c.h; name = FastApproximations.h; path = ../../Source/FastApproximations.h; sourceTree = "SOURCE_ROOT"; };
		02E3FC36B031B297C5D31F12 = {isa = PBXFileReference; lastKnownFileType = wrapper.framework; name = CoreMIDI.framework; path = System/Library/Frameworks/CoreMIDI.framework; sourceTree = SDKROOT; };
		06AADAFE2B5519575EE90D86 = {isa = PBXFileReference; lastKnownFileType = sourcecode.cpp.objcpp; name = "include_juce_core.mm"; path = "../../JuceLibraryCode/include_juce_core.mm"; sourceTree = "SOURCE_ROOT"; };
		0A7E844A0751387CE29F8C86 = {isa = PBXFileReference; lastKnownFileType = file; name = "juce_core"; path = "~/JUCE/modules/juce_core"; sourceTree = "<absolute>"; };
		0A9977220AFB8AA653A0B189 = {isa = PBXFileReference; lastKnownFileType = file; name = "juce_audio_formats"; path = "~/JUCE/modules/juce_audio_formats"; sourceTree = "<absolute>"; };
		0BB473D42C76D480714CA852 = {isa = PBXFileReference; lastKnownFileType = sourcecode.c.h; name = SimpleLevelMeterComponent.h; path = ../../Source/SimpleLevelMeterComponent.h; sourceTree = "SOURCE_ROOT"; };
		0E5559F67E9198D0A5501930 = {isa = PBXFileReference; lastKnownFileType = sourcecode.c.h; name = TestProcessor.h; path = ../../Source/TestProcessor.h; sourceTree = "SOURCE_ROOT"; };
		145F2FF87A51DEE7953C791A = {isa = PBXFileReference; lastKnownFileType = sourcecode.cpp.objcpp; name = "include_juce_gui_extra.mm"; path = "../../JuceLibraryCode/include_juce_gui_extra.mm"; sourceTree = "SOURCE_ROOT"; };
		21B931717DA2FCE3A0B9F6EA = {isa = PBXFileReference; lastKnownFileType = sourcecode.c.h; name = MeteringProcessors.h; path = ../../Source/MeteringProcessors.h; sourceTree = "SOURCE_ROOT"; };
		26D6AA8BE3C4496C1D1585CD = {isa = PBXFileReference; lastKnownFileType = sourcecode.c.h; name = AudioDataTransfer.h; path = ../../Source/AudioDataTransfer.h; sourceTree = "SOURCE_ROOT"; };
		33D8E39D9CEA2019B109AA74 = {isa = PBXFileReference; lastKnownFileType = sourcecode.cpp.cpp; name = SourceComponent.cpp; path = ../../Source/SourceComponent.cpp; sourceTree = "SOURCE_ROOT"; };
		34560F315E9537DE95D5C4D0 = {isa = PBXFileReference; lastKnownFileType = sourcecode.cpp.objcpp; name = "include_juce_opengl.mm"; path = "../../JuceLibraryCode/include_juce_opengl.mm"; sourceTree = "SOURCE_ROOT"; };
		3C4DC302F5BF55DB2B459944 = {isa = PBXFileReference; lastKnownFileType = file; name = "juce_gui_basics"; path = "~/JUCE/modules/juce_gui_basics"; sourceTree = "<absolute>"; };
		3E4B850A48B4E9CAD0C817DE = {isa = PBXFileReference; lastKnownFileType = wrapper.framework; name = OpenGL.framework; path = System/Library/Frameworks/OpenGL.framework; sourceTree = SDKROOT; };
		4D0C779826FF2C3452C3A954 = {isa = PBXFileReference; lastKnownFileType = sourcecode.c.h; name = JuceHeader.h; path = ../../JuceLibraryCode/JuceHeader.h; sourceTree = "SOURCE_ROOT"; };
		4EE7D3AE148DA9781A8402DC = {isa = PBXFileReference; lastKnownFileType = sourcecode.cpp.cpp; name = SimpleLevelMeterComponent.cpp; path = ../../Source/SimpleLevelMeterComponent.cpp; sourceTree = "SOURCE_ROOT"; };
		526F26E9A07099C84615C627 = {isa = PBXFileReference; lastKnownFileType = wrapper.framework; name = Carbon.framework; path = System/Library/Frameworks/Carbon.framework; sourceTree = SDKROOT; };
		52CD6165A0CF1873CC5DE866 = {isa = PBXFileReference; lastKnownFileType = sourcecode.c.h; name = AppConfig.h; path = ../../JuceLibraryCode/AppConfig.h; sourceTree = "SOURCE_ROOT"; };
		52E8020FD5548344DC2DE675 = {isa = PBXFileReference; lastKnownFileType = sourcecode.c.h; name = NoiseGenerators.h; path = ../../Source/NoiseGenerators.h; sourceTree = "SOURCE_ROOT"; };
		55CF5844CFF7ACC67C5316A8 = {isa = PBXFileReference; lastKnownFileType = wrapper.framework; name = QuartzCore.framework; path = System/Library/Frameworks/QuartzCore.framework; sourceTree = SDKROOT; };
		582851423955ECBF1E528D7C = {isa = PBXFileReference; lastKnownFileType = sourcecode.cpp.cpp; name = MonitoringComponent.cpp; path = ../../Source/MonitoringComponent.cpp; sourceTree = "SOURCE_ROOT"; };
		59584DC24C136026DCC3C94E = {isa = PBXFileReference; lastKnownFileType = file; name = "juce_audio_utils"; path = "~/JUCE/modules/juce_audio_utils"; sourceTree = "<absolute>"; };
		5A91D8BF0C64803B43719F01 = {isa = PBXFileReference; lastKnownFileType = sourcecode.cpp.cpp; name = ProcessorComponent.cpp; path = ../../Source/ProcessorComponent.cpp; sourceTree = "SOURCE_ROOT"; };
		5AA04D5DF05D18D4B36A42D5 = {isa = PBXFileReference; lastKnownFileType = sourcecode.cpp.objcpp; name = "include_juce_audio_processors.mm"; path = "../../JuceLibraryCode/include_juce_audio_processors.mm"; sourceTree = "SOURCE_ROOT"; };
		60E560DD97D4983FC0447D6E = {isa = PBXFileReference; lastKnownFileType = file; name = "juce_data_structures"; path = "~/JUCE/modules/juce_data_structures"; sourceTree = "<absolute>"; };
		6C257CBB24257B89A55E31C2 = {isa = PBXFileReference; lastKnownFileType = sourcecode.cpp.objcpp; name = "include_juce_gui_basics.mm"; path = "../../JuceLibraryCode/include_juce_gui_basics.mm"; sourceTree = "SOURCE_ROOT"; };
		7042C09BB3B32155469DEDA9 = {isa = PBXFileReference; lastKnownFileType = sourcecode.c.h; name = FftProcessor.h; path = ../../Source/FftProcessor.h; sourceTree = "SOURCE_ROOT"; };
		7076B92D253CFC77F7632620 = {isa = PBXFileReference; lastKnownFileType = file; name = "juce_graphics"; path = "~/JUCE/modules/juce_graphics"; sourceTree = "<absolute>"; };
		7529F704E8AC8B8B886F6780 = {isa = PBXFileReference; lastKnownFileType = sourcecode.c.h; name = MonitoringComponent.h; path = ../../Source/MonitoringComponent.h; sourceTree = "SOURCE_ROOT"; };
		75412810ABB2B6E6444F2547 = {isa = PBXFileReference; lastKnownFileType = sourcecode.cpp.cpp; name = Main.cpp; path = ../../Source/Main.cpp; sourceTree = "SOURCE_ROOT"; };
		79F38AF00096BA433A4C1414 = {isa = PBXFileReference; lastKnownFileType = file; name = "juce_audio_devices"; path = "~/JUCE/modules/juce_audio_devices"; sourceTree = "<absolute>"; };
		7F2C30A0A741525E6C882E87 = {isa = PBXFileReference; lastKnownFileType = sourcecode.cpp.cpp; name = AnalyserComponent.cpp; path = ../../Source/AnalyserComponent.cpp; sourceTree = "SOURCE_ROOT"; };
		803276715E35214C8DE06CF2 = {isa = PBXFileReference; lastKnownFileType = sourcecode.c.h; name = FftScope.h; path = ../../Source/FftScope.h; sourceTree = "SOURCE_ROOT"; };
		862C98738544F6166D7F051F = {isa = PBXFileReference; lastKnownFileType = sourcecode.c.h; name = ProcessorComponent.h; path = ../../Source/ProcessorComponent.h; sourceTree = "SOURCE_ROOT"; };
		8824208679E17FE88C2850C8 = {isa = PBXFileReference; lastKnownFileType = wrapper.framework; name = Cocoa.framework; path = System/Library/Frameworks/Cocoa.framework; sourceTree = SDKROOT; };
		899BD77AA6DD7D61E30E8646 = {isa = PBXFileReference; lastKnownFileType = sourcecode.cpp.objcpp; name = "include_juce_dsp.mm"; path = "../../JuceLibraryCode/include_juce_dsp.mm"; sourceTree = "SOURCE_ROOT"; };
		8C4AC6830FFEA2DD0A0656EE = {isa = PBXFileReference; lastKnownFileType = file; name = "juce_audio_processors"; path = "~/JUCE/modules/juce_audio_processors"; sourceTree = "<absolute>"; };
		90833A0B00943E52EB75FD6C = {isa = PBXFileReference; lastKnownFileType = wrapper.framework; name = Accelerate.framework; path = System/Library/Frameworks/Accelerate.framework; sourceTree = SDKROOT; };
		909F9E1FD51BE19555EE4B6A = {isa = PBXFileReference; lastKnownFileType = sourcecode.cpp.objcpp; name = "include_juce_data_structures.mm"; path = "../../JuceLibraryCode/include_juce_data_structures.mm"; sourceTree = "SOURCE_ROOT"; };
		93EDF6484E86B4FDDBAF3842 = {isa = PBXFileReference; lastKnownFileType = sourcecode.c.h; name = SourceComponent.h; path = ../../Source/SourceComponent.h; sourceTree = "SOURCE_ROOT"; };
		9A8FAB835DFB1BB20DDF02C2 = {isa = PBXFileReference; lastKnownFileType = sourcecode.c.h; name = MainComponent.h; path = ../../Source/MainComponent.h; sourceTree = "SOURCE_ROOT"; };
		9E089BD91B9FB70C38C313DB = {isa = PBXFileReference; lastKnownFileType = file; name = "juce_opengl"; path = "~/JUCE/modules/juce_opengl"; sourceTree = "<absolute>"; };
		A1B69FCBCBAD6C6A3E04A661 = {isa = PBXFileReference; lastKnownFileType = sourcecode.c.h; name = AnalyserComponent.h; path = ../../Source/AnalyserComponent.h; sourceTree = "SOURCE_ROOT"; };
		A587622FCA40A0218851BD1F = {isa = PBXFileReference; lastKnownFileType = sourcecode.cpp.cpp; name = TestProcessor.cpp; path = ../../Source/TestProcessor.cpp; sourceTree = "SOURCE_ROOT"; };
		A72C44865C017A6870340B6A = {isa = PBXFileReference; lastKnownFileType = sourcecode.cpp.objcpp; name = "include_juce_graphics.mm"; path = "../../JuceLibraryCode/include_juce_graphics.mm"; sourceTree = "SOURCE_ROOT"; };
		AD22C587B88D108C1F6138F3 = {isa = PBXFileReference; lastKnownFileType = file; name = "juce_events"; path = "~/JUCE/modules/juce_events"; sourceTree = "<absolute>"; };
		ADF6171B6BBF8B9B37AF171D = {isa = PBXFileReference; lastKnownFileType = wrapper.framework; name = DiscRecording.framework; path = System/Library/Frameworks/DiscRecording.framework; sourceTree = SDKROOT; };
		B43F40532675ABE7F4119432 = {isa = PBXFileReference; lastKnownFileType = sourcecode.cpp.objcpp; name = "include_juce_audio_utils.mm"; path = "../../JuceLibraryCode/include_juce_audio_utils.mm"; sourceTree = "SOURCE_ROOT"; };
		B4EE1326DC45E055E8C1C4BF = {isa = PBXFileReference; lastKnownFileType = sourcecode.c.h; name = PolyBLEP.h; path = ../../Source/PolyBLEP.h; sourceTree = "SOURCE_ROOT"; };
		B7BA8A95928C9A97B07C82F5 = {isa = PBXFileReference; lastKnownFileType = wrapper.framework; name = CoreAudio.framework; path = System/Library/Frameworks/CoreAudio.framework; sourceTree = SDKROOT; };
		B8D4DB1EAA10E3974F126DA6 = {isa = PBXFileReference; lastKnownFileType = sourcecode.cpp.objcpp; name = "include_juce_audio_formats.mm"; path = "../../JuceLibraryCode/include_juce_audio_formats.mm"; sourceTree = "SOURCE_ROOT"; };
		B91F549CF5F2D4A00120F659 = {isa = PBXFileReference; lastKnownFileType = text.plist.xml; name = "Info-App.plist"; path = "Info-App.plist"; sourceTree = "SOURCE_ROOT"; };
		BF016A8A52726E0E99AFE2D8 = {isa = PBXFileReference; lastKnownFileType = file; name = "juce_audio_basics"; path = "~/JUCE/modules/juce_audio_basics"; sourceTree = "<absolute>"; };
		C923C23E1267EFA76DB99EB3 = {isa = PBXFileReference; lastKnownFileType = sourcecode.cpp.objcpp; name = "include_juce_audio_basics.mm"; path = "../../JuceLibraryCode/include_juce_audio_basics.mm"; sourceTree = "SOURCE_ROOT"; };
		CC61D34BB43A794BC9F7552F = {isa = PBXFileReference; lastKnownFileType = file; name = "juce_dsp"; path = "~/JUCE/modules/juce_dsp"; sourceTree = "<absolute>"; };
		CF7BF7CFD8E563647FBDC78C = {isa = PBXFileReference; lastKnownFileType = sourcecode.c.h; name = Main.h; path = ../../Source/Main.h; sourceTree = "SOURCE_ROOT"; };
		D6E876505CE2193C9C2F990D = {isa = PBXFileReference; lastKnownFileType = wrapper.framework; name = WebKit.framework; path = System/Library/Frameworks/WebKit.framework; sourceTree = SDKROOT; };
		DBE9AFFAACAC76E16D5FA8D7 = {isa = PBXFileReference; explicitFileType = wrapper.application; includeInIndex = 0; path = "DSP Testbench.app"; sourceTree = "BUILT_PRODUCTS_DIR"; };
		E49FA446FC2BADD58A243E0D = {isa = PBXFileReference; lastKnownFileType = sourcecode.cpp.objcpp; name = "include_juce_audio_devices.mm"; path = "../../JuceLibraryCode/include_juce_audio_devices.mm"; sourceTree = "SOURCE_ROOT"; };
		E9B03DC31F642F1DB1EC957A = {isa = PBXFileReference; lastKnownFileType = file.nib; name = RecentFilesMenuTemplate.nib; path = RecentFilesMenuTemplate.nib; sourceTree = "SOURCE_ROOT"; };
		EF8CC9D7774FF0ADD53AE1BB = {isa = PBXFileReference; lastKnownFileType = sourcecode.cpp.objcpp; name = "include_juce_events.mm"; path = "../../JuceLibraryCode/include_juce_events.mm"; sourceTree = "SOURCE_ROOT"; };
		F069F6DB16BC6DB3BE232906 = {isa = PBXFileReference; lastKnownFileType = sourcecode.cpp.cpp; name = MainComponent.cpp; path = ../../Source/MainComponent.cpp; sourceTree = "SOURCE_ROOT"; };
		F10D87453D65EA24D5F2AA8B = {isa = PBXFileReference; lastKnownFileType = sourcecode.cpp.cpp; name = MeteringProcessors.cpp; path = ../../Source/MeteringProcessors.cpp; sourceTree = "SOURCE_ROOT"; };
		F12D77997087AFF29D683E59 = {isa = PBXFileReference; lastKnownFileType = wrapper.framework; name = AudioToolbox.framework; path = System/Library/Frameworks/AudioToolbox.framework; sourceTree = SDKROOT; };
		F7458E8FEB9BB5D4371A65E0 = {isa = PBXFileReference; lastKnownFileType = wrapper.framework; name = IOKit.framework; path = System/Library/Frameworks/IOKit.framework; sourceTree = SDKROOT; };
		FA94C43DFB822B79A1F435C5 = {isa = PBXFileReference; lastKnownFileType = file; name = "juce_gui_extra"; path = "~/JUCE/modules/juce_gui_extra"; sourceTree = "<absolute>"; };
		564A5EAD4A50F0816003C4F5 = {isa = PBXGroup; children = (
					7F2C30A0A741525E6C882E87,
					A1B69FCBCBAD6C6A3E04A661,
					803276715E35214C8DE06CF2,
					F069F6DB16BC6DB3BE232906,
					9A8FAB835DFB1BB20DDF02C2,
					582851423955ECBF1E528D7C,
					7529F704E8AC8B8B886F6780,
					5A91D8BF0C64803B43719F01,
					862C98738544F6166D7F051F,
					4EE7D3AE148DA9781A8402DC,
					0BB473D42C76D480714CA852,
					33D8E39D9CEA2019B109AA74,
					93EDF6484E86B4FDDBAF3842, ); name = GUI; sourceTree = "<group>"; };
		57C63C1244BAEC91481BE4EF = {isa = PBXGroup; children = (
					26D6AA8BE3C4496C1D1585CD,
					7042C09BB3B32155469DEDA9,
					F10D87453D65EA24D5F2AA8B,
					21B931717DA2FCE3A0B9F6EA,
					52E8020FD5548344DC2DE675,
					B4EE1326DC45E055E8C1C4BF,
					A587622FCA40A0218851BD1F,
					0E5559F67E9198D0A5501930, ); name = Processing; sourceTree = "<group>"; };
		48C15D97919722B4DF7BC739 = {isa = PBXGroup; children = (
					022FC8DD187F01412662C560,
					CF7BF7CFD8E563647FBDC78C,
					75412810ABB2B6E6444F2547,
					564A5EAD4A50F0816003C4F5,
					57C63C1244BAEC91481BE4EF, ); name = Source; sourceTree = "<group>"; };
		6FE9B97C1E021EB2C6ADC58C = {isa = PBXGroup; children = (
					48C15D97919722B4DF7BC739, ); name = "DSP Testbench"; sourceTree = "<group>"; };
		E9BF08711871D0A7ABCEB716 = {isa = PBXGroup; children = (
					BF016A8A52726E0E99AFE2D8,
					79F38AF00096BA433A4C1414,
					0A9977220AFB8AA653A0B189,
					8C4AC6830FFEA2DD0A0656EE,
					59584DC24C136026DCC3C94E,
					0A7E844A0751387CE29F8C86,
					60E560DD97D4983FC0447D6E,
					CC61D34BB43A794BC9F7552F,
					AD22C587B88D108C1F6138F3,
					7076B92D253CFC77F7632620,
					3C4DC302F5BF55DB2B459944,
					FA94C43DFB822B79A1F435C5,
					9E089BD91B9FB70C38C313DB, ); name = "JUCE Modules"; sourceTree = "<group>"; };
		B6D4660DDEE21ED798FCF258 = {isa = PBXGroup; children = (
					52CD6165A0CF1873CC5DE866,
					C923C23E1267EFA76DB99EB3,
					E49FA446FC2BADD58A243E0D,
					B8D4DB1EAA10E3974F126DA6,
					5AA04D5DF05D18D4B36A42D5,
					B43F40532675ABE7F4119432,
					06AADAFE2B5519575EE90D86,
					909F9E1FD51BE19555EE4B6A,
					899BD77AA6DD7D61E30E8646,
					EF8CC9D7774FF0ADD53AE1BB,
					A72C44865C017A6870340B6A,
					6C257CBB24257B89A55E31C2,
					145F2FF87A51DEE7953C791A,
					34560F315E9537DE95D5C4D0,
					4D0C779826FF2C3452C3A954, ); name = "JUCE Library Code"; sourceTree = "<group>"; };
		E5A891AB9F64DD3054298088 = {isa = PBXGroup; children = (
					B91F549CF5F2D4A00120F659,
					E9B03DC31F642F1DB1EC957A, ); name = Resources; sourceTree = "<group>"; };
		E5C855E6D951FF838426018D = {isa = PBXGroup; children = (
					90833A0B00943E52EB75FD6C,
					F12D77997087AFF29D683E59,
					526F26E9A07099C84615C627,
					8824208679E17FE88C2850C8,
					B7BA8A95928C9A97B07C82F5,
					02E3FC36B031B297C5D31F12,
					ADF6171B6BBF8B9B37AF171D,
					F7458E8FEB9BB5D4371A65E0,
					3E4B850A48B4E9CAD0C817DE,
					55CF5844CFF7ACC67C5316A8,
					D6E876505CE2193C9C2F990D, ); name = Frameworks; sourceTree = "<group>"; };
		4830D6B040DFC855471E135D = {isa = PBXGroup; children = (
					DBE9AFFAACAC76E16D5FA8D7, ); name = Products; sourceTree = "<group>"; };
		A9ADE6FE54657C63AF279773 = {isa = PBXGroup; children = (
					6FE9B97C1E021EB2C6ADC58C,
					E9BF08711871D0A7ABCEB716,
					B6D4660DDEE21ED798FCF258,
					E5A891AB9F64DD3054298088,
					E5C855E6D951FF838426018D,
					4830D6B040DFC855471E135D, ); name = Source; sourceTree = "<group>"; };
		06C17DA7D05EC0E33EF15D70 = {isa = XCBuildConfiguration; buildSettings = {
				CLANG_CXX_LANGUAGE_STANDARD = "c++14";
				CLANG_LINK_OBJC_RUNTIME = NO;
				COMBINE_HIDPI_IMAGES = YES;
				CONFIGURATION_BUILD_DIR = "$(PROJECT_DIR)/build/$(CONFIGURATION)";
				COPY_PHASE_STRIP = NO;
				GCC_DYNAMIC_NO_PIC = NO;
				GCC_OPTIMIZATION_LEVEL = 0;
				GCC_PREPROCESSOR_DEFINITIONS = (
					"_DEBUG=1",
					"DEBUG=1",
					"JUCER_XCODE_MAC_F6D2F4CF=1",
					"JUCE_APP_VERSION=1.0.0",
					"JUCE_APP_VERSION_HEX=0x10000",
					"JucePlugin_Build_VST=0",
					"JucePlugin_Build_VST3=0",
					"JucePlugin_Build_AU=0",
					"JucePlugin_Build_AUv3=0",
					"JucePlugin_Build_RTAS=0",
					"JucePlugin_Build_AAX=0",
					"JucePlugin_Build_Standalone=0", );
				GCC_VERSION = com.apple.compilers.llvm.clang.1_0;
				HEADER_SEARCH_PATHS = ("../../JuceLibraryCode", "~/JUCE/modules", "$(inherited)");
				INFOPLIST_FILE = Info-App.plist;
				INFOPLIST_PREPROCESS = NO;
				INSTALL_PATH = "$(HOME)/Applications";
				MACOSX_DEPLOYMENT_TARGET = 10.11;
				MACOSX_DEPLOYMENT_TARGET_ppc = 10.4;
				PRODUCT_BUNDLE_IDENTIFIER = com.yourcompany.DSPTestbench;
				SDKROOT_ppc = macosx10.5;
				USE_HEADERMAP = NO; }; name = Debug; };
		4F2BE45C49128CC673C2A266 = {isa = XCBuildConfiguration; buildSettings = {
				CLANG_CXX_LANGUAGE_STANDARD = "c++14";
				CLANG_LINK_OBJC_RUNTIME = NO;
				COMBINE_HIDPI_IMAGES = YES;
				CONFIGURATION_BUILD_DIR = "$(PROJECT_DIR)/build/$(CONFIGURATION)";
				DEAD_CODE_STRIPPING = YES;
				GCC_GENERATE_DEBUGGING_SYMBOLS = NO;
				GCC_OPTIMIZATION_LEVEL = 3;
				GCC_PREPROCESSOR_DEFINITIONS = (
					"_NDEBUG=1",
					"NDEBUG=1",
					"JUCER_XCODE_MAC_F6D2F4CF=1",
					"JUCE_APP_VERSION=1.0.0",
					"JUCE_APP_VERSION_HEX=0x10000",
					"JucePlugin_Build_VST=0",
					"JucePlugin_Build_VST3=0",
					"JucePlugin_Build_AU=0",
					"JucePlugin_Build_AUv3=0",
					"JucePlugin_Build_RTAS=0",
					"JucePlugin_Build_AAX=0",
					"JucePlugin_Build_Standalone=0", );
				GCC_SYMBOLS_PRIVATE_EXTERN = YES;
				GCC_VERSION = com.apple.compilers.llvm.clang.1_0;
				HEADER_SEARCH_PATHS = ("../../JuceLibraryCode", "~/JUCE/modules", "$(inherited)");
				INFOPLIST_FILE = Info-App.plist;
				INFOPLIST_PREPROCESS = NO;
				INSTALL_PATH = "$(HOME)/Applications";
				LLVM_LTO = YES;
				MACOSX_DEPLOYMENT_TARGET = 10.11;
				MACOSX_DEPLOYMENT_TARGET_ppc = 10.4;
				PRODUCT_BUNDLE_IDENTIFIER = com.yourcompany.DSPTestbench;
				SDKROOT_ppc = macosx10.5;
				USE_HEADERMAP = NO; }; name = Release; };
		C4F3B2BCED780B4A745FFD91 = {isa = XCBuildConfiguration; buildSettings = {
				ALWAYS_SEARCH_USER_PATHS = NO;
				CLANG_WARN_BLOCK_CAPTURE_AUTORELEASING = YES;
				CLANG_WARN_BOOL_CONVERSION = YES;
				CLANG_WARN_COMMA = YES;
				CLANG_WARN_CONSTANT_CONVERSION = YES;
				CLANG_WARN_EMPTY_BODY = YES;
				CLANG_WARN_ENUM_CONVERSION = YES;
				CLANG_WARN_INFINITE_RECURSION = YES;
				CLANG_WARN_INT_CONVERSION = YES;
				CLANG_WARN_NON_LITERAL_NULL_CONVERSION = YES;
				CLANG_WARN_OBJC_LITERAL_CONVERSION = YES;
				CLANG_WARN_RANGE_LOOP_ANALYSIS = YES;
				CLANG_WARN_STRICT_PROTOTYPES = YES;
				CLANG_WARN_SUSPICIOUS_MOVE = YES;
				CLANG_WARN_UNREACHABLE_CODE = YES;
				CLANG_WARN__DUPLICATE_METHOD_MATCH = YES;
				DEBUG_INFORMATION_FORMAT = "dwarf";
				ENABLE_STRICT_OBJC_MSGSEND = YES;
				ENABLE_TESTABILITY = YES;
				GCC_C_LANGUAGE_STANDARD = c11;
				GCC_INLINES_ARE_PRIVATE_EXTERN = YES;
				GCC_MODEL_TUNING = G5;
				GCC_NO_COMMON_BLOCKS = YES;
				GCC_WARN_64_TO_32_BIT_CONVERSION = YES;
				GCC_WARN_ABOUT_RETURN_TYPE = YES;
				GCC_WARN_CHECK_SWITCH_STATEMENTS = YES;
				GCC_WARN_MISSING_PARENTHESES = YES;
				GCC_WARN_NON_VIRTUAL_DESTRUCTOR = YES;
				GCC_WARN_TYPECHECK_CALLS_TO_PRINTF = YES;
				GCC_WARN_UNDECLARED_SELECTOR = YES;
				GCC_WARN_UNINITIALIZED_AUTOS = YES;
				GCC_WARN_UNUSED_FUNCTION = YES;
				GCC_WARN_UNUSED_VARIABLE = YES;
				ONLY_ACTIVE_ARCH = YES;
				PRODUCT_NAME = "DSP Testbench";
				WARNING_CFLAGS = -Wreorder;
				ZERO_LINK = NO; }; name = Debug; };
		3DBA79E92AC4B589B6F77F76 = {isa = XCBuildConfiguration; buildSettings = {
				ALWAYS_SEARCH_USER_PATHS = NO;
				CLANG_WARN_BLOCK_CAPTURE_AUTORELEASING = YES;
				CLANG_WARN_BOOL_CONVERSION = YES;
				CLANG_WARN_COMMA = YES;
				CLANG_WARN_CONSTANT_CONVERSION = YES;
				CLANG_WARN_EMPTY_BODY = YES;
				CLANG_WARN_ENUM_CONVERSION = YES;
				CLANG_WARN_INFINITE_RECURSION = YES;
				CLANG_WARN_INT_CONVERSION = YES;
				CLANG_WARN_NON_LITERAL_NULL_CONVERSION = YES;
				CLANG_WARN_OBJC_LITERAL_CONVERSION = YES;
				CLANG_WARN_RANGE_LOOP_ANALYSIS = YES;
				CLANG_WARN_STRICT_PROTOTYPES = YES;
				CLANG_WARN_SUSPICIOUS_MOVE = YES;
				CLANG_WARN_UNREACHABLE_CODE = YES;
				CLANG_WARN__DUPLICATE_METHOD_MATCH = YES;
				DEBUG_INFORMATION_FORMAT = "dwarf";
				ENABLE_STRICT_OBJC_MSGSEND = YES;
				GCC_C_LANGUAGE_STANDARD = c11;
				GCC_INLINES_ARE_PRIVATE_EXTERN = YES;
				GCC_MODEL_TUNING = G5;
				GCC_NO_COMMON_BLOCKS = YES;
				GCC_WARN_64_TO_32_BIT_CONVERSION = YES;
				GCC_WARN_ABOUT_RETURN_TYPE = YES;
				GCC_WARN_CHECK_SWITCH_STATEMENTS = YES;
				GCC_WARN_MISSING_PARENTHESES = YES;
				GCC_WARN_NON_VIRTUAL_DESTRUCTOR = YES;
				GCC_WARN_TYPECHECK_CALLS_TO_PRINTF = YES;
				GCC_WARN_UNDECLARED_SELECTOR = YES;
				GCC_WARN_UNINITIALIZED_AUTOS = YES;
				GCC_WARN_UNUSED_FUNCTION = YES;
				GCC_WARN_UNUSED_VARIABLE = YES;
				PRODUCT_NAME = "DSP Testbench";
				WARNING_CFLAGS = -Wreorder;
				ZERO_LINK = NO; }; name = Release; };
		52E816D08939C5A22CA66D9F = {isa = PBXTargetDependency; target = 468BA45C986D50F2ED87D84D; };
		149C2B4C6084914F3E4C037B = {isa = XCConfigurationList; buildConfigurations = (
					C4F3B2BCED780B4A745FFD91,
					3DBA79E92AC4B589B6F77F76, ); defaultConfigurationIsVisible = 0; defaultConfigurationName = Debug; };
		5BAFFACE957F473AD4CC1DB2 = {isa = XCConfigurationList; buildConfigurations = (
					06C17DA7D05EC0E33EF15D70,
					4F2BE45C49128CC673C2A266, ); defaultConfigurationIsVisible = 0; defaultConfigurationName = Debug; };
		1C13F931E452A26522753566 = {isa = PBXResourcesBuildPhase; buildActionMask = 2147483647; files = (
					B7D6F3AAA26C8A085EF1712C, ); runOnlyForDeploymentPostprocessing = 0; };
		7E9E5CCE5EA9CEC4BBA8EE08 = {isa = PBXSourcesBuildPhase; buildActionMask = 2147483647; files = (
					7B345395F7823548E57B3EBF,
					AF96BC3F1709A64F0C866D0A,
					1C98AB4FFFABA00A1E763818,
					9F824E6B06A0E079EC1E6B5C,
					5CF548CD792CAB65634DF4F5,
					739BAE2B23CA598675E90453,
					302CFF8C7F41FBDD07C54B57,
					A91B6DB0E771A0C517F4D417,
					4A50F446CD3E05A6734072D0,
					191E4C4DC7559DE411B5FE92,
					37DDF4F1FE0136E3232E3DAB,
					2F15CCC8B1F6E99AB7228AA6,
					5F9FB26C844A51C7AD9394DF,
					9C2A13932CA11700B7E25B45,
					4CE938EAD1292ABB874C4C13,
					70F197BAE2DF4A69A9321FD5,
					ABE6CED1C8A915E1C5BCD009,
					EDB03452686ACCF104053CDB,
					B17AF76EDA0E44C7E5AEC7F3,
					44DE8D243685E64015C79013,
					61C33476A07BE03B3FAE52F6,
					19141F1CEF772363CEEFE4F2, ); runOnlyForDeploymentPostprocessing = 0; };
		37EB22A7750FCC2111A8E8EF = {isa = PBXFrameworksBuildPhase; buildActionMask = 2147483647; files = (
					AD94D8AF5048CCCED9EDF626,
					E3E5055F478F91F82466A06C,
					2A9494C5C89C6C9F21064886,
					1763029A1FE96155AACBEBCE,
					0F760ABD211ABF27784CAFDF,
					6B466DC98D65214CC5FC8A3B,
					3A0B48A547F177848834EE6B,
					6A960C93D5CBEBA86370AE42,
					0B77B11989C478B3537120FF,
					EC0424B5388526F9F7AA68EC,
					560499D8097C4086B5F9F3FE, ); runOnlyForDeploymentPostprocessing = 0; };
		468BA45C986D50F2ED87D84D = {isa = PBXNativeTarget; buildConfigurationList = 5BAFFACE957F473AD4CC1DB2; buildPhases = (
					1C13F931E452A26522753566,
					7E9E5CCE5EA9CEC4BBA8EE08,
					37EB22A7750FCC2111A8E8EF, ); buildRules = ( ); dependencies = (  ); name = "DSP Testbench - App"; productName = "DSP Testbench"; productReference = DBE9AFFAACAC76E16D5FA8D7; productType = "com.apple.product-type.application"; };
		BC239DD036F769170D5DB8E9 = {isa = PBXProject; buildConfigurationList = 149C2B4C6084914F3E4C037B; attributes = { LastUpgradeCheck = 0830; ORGANIZATIONNAME = ""; TargetAttributes = { 468BA45C986D50F2ED87D84D = { SystemCapabilities = {com.apple.ApplicationGroups.iOS = { enabled = 0; }; com.apple.InAppPurchase = { enabled = 0; }; com.apple.InterAppAudio = { enabled = 0; }; com.apple.Push = { enabled = 0; }; com.apple.Sandbox = { enabled = 0; }; }; }; }; }; compatibilityVersion = "Xcode 3.2"; hasScannedForEncodings = 0; mainGroup = A9ADE6FE54657C63AF279773; projectDirPath = ""; projectRoot = ""; targets = (468BA45C986D50F2ED87D84D); };
	};
	rootObject = BC239DD036F769170D5DB8E9;
}
